
Microsoft Visual Studio Solution File, Format Version 12.00
# Visual Studio Version 17
VisualStudioVersion = 17.1.32210.238
MinimumVisualStudioVersion = 10.0.40219.1
Project("{FAE04EC0-301F-11D3-BF4B-00C04F79EFBC}") = "AvnRepository", "AvnRepository\AvnRepository.csproj", "{9813353A-3959-4DE2-A356-A60515AACFD5}"
EndProject
Global
	GlobalSection(SolutionConfigurationPlatforms) = preSolution
		Debug|Any CPU = Debug|Any CPU
		Release|Any CPU = Release|Any CPU
	EndGlobalSection
	GlobalSection(ProjectConfigurationPlatforms) = postSolution
		{9813353A-3959-4DE2-A356-A60515AACFD5}.Debug|Any CPU.ActiveCfg = Debug|Any CPU
		{9813353A-3959-4DE2-A356-A60515AACFD5}.Debug|Any CPU.Build.0 = Debug|Any CPU
		{9813353A-3959-4DE2-A356-A60515AACFD5}.Release|Any CPU.ActiveCfg = Release|Any CPU
		{9813353A-3959-4DE2-A356-A60515AACFD5}.Release|Any CPU.Build.0 = Release|Any CPU
	EndGlobalSection
	GlobalSection(SolutionProperties) = preSolution
		HideSolutionNode = FALSE
	EndGlobalSection
	GlobalSection(ExtensibilityGlobals) = postSolution
		SolutionGuid = {EDEEADB3-9F67-462A-95DB-03430CFAE8E5}
	EndGlobalSection
EndGlobal
